Microsoft Visual Studio Solution File, Format Version 12.00
# Visual Studio Version 17
VisualStudioVersion = 17.13.35828.75
MinimumVisualStudioVersion = 10.0.40219.1
Project("{FAE04EC0-301F-11D3-BF4B-00C04F79EFBC}") = "ATBM-atbmcq-17-Phanhe1", "ATBM-atbmcq-17-Phanhe1\ATBM-atbmcq-17-Phanhe1.csproj", "{3EC227B1-2F3A-4A26-9EC7-6596C6719F60}"
EndProject
Global
	GlobalSection(SolutionConfigurationPlatforms) = preSolution
		Debug|Any CPU = Debug|Any CPU
		Release|Any CPU = Release|Any CPU
	EndGlobalSection
	GlobalSection(ProjectConfigurationPlatforms) = postSolution
		{3EC227B1-2F3A-4A26-9EC7-6596C6719F60}.Debug|Any CPU.ActiveCfg = Debug|Any CPU
		{3EC227B1-2F3A-4A26-9EC7-6596C6719F60}.Debug|Any CPU.Build.0 = Debug|Any CPU
		{3EC227B1-2F3A-4A26-9EC7-6596C6719F60}.Release|Any CPU.ActiveCfg = Release|Any CPU
		{3EC227B1-2F3A-4A26-9EC7-6596C6719F60}.Release|Any CPU.Build.0 = Release|Any CPU
	EndGlobalSection
	GlobalSection(SolutionProperties) = preSolution
		HideSolutionNode = FALSE
	EndGlobalSection
	GlobalSection(ExtensibilityGlobals) = postSolution
		SolutionGuid = {3BC50D00-E5D2-4F59-B067-DD348FC53E45}
	EndGlobalSection
EndGlobal
